// !$*UTF8*$!
{
	archiveVersion = 1;
	classes = {
	};
	objectVersion = 46;
	objects = {

/* Begin PBXBuildFile section */
		A3A280871F683ED9000FAD17 /* main.m in Sources */ = {isa = PBXBuildFile; fileRef = A3A280861F683ED9000FAD17 /* main.m */; };
		A3A2808A1F683ED9000FAD17 /* AppDelegate.m in Sources */ = {isa = PBXBuildFile; fileRef = A3A280891F683ED9000FAD17 /* AppDelegate.m */; };
		A3A2808D1F683ED9000FAD17 /* ViewController.m in Sources */ = {isa = PBXBuildFile; fileRef = A3A2808C1F683ED9000FAD17 /* ViewController.m */; };
		A3A280901F683ED9000FAD17 /* Main.storyboard in Resources */ = {isa = PBXBuildFile; fileRef = A3A2808E1F683ED9000FAD17 /* Main.storyboard */; };
		A3A280921F683ED9000FAD17 /* Assets.xcassets in Resources */ = {isa = PBXBuildFile; fileRef = A3A280911F683ED9000FAD17 /* Assets.xcassets */; };
		A3A280951F683ED9000FAD17 /* LaunchScreen.storyboard in Resources */ = {isa = PBXBuildFile; fileRef = A3A280931F683ED9000FAD17 /* LaunchScreen.storyboard */; };
		A3A280A01F683ED9000FAD17 /* ZZTableRefreshDemoTests.m in Sources */ = {isa = PBXBuildFile; fileRef = A3A2809F1F683ED9000FAD17 /* ZZTableRefreshDemoTests.m */; };
		A3A280AB1F683ED9000FAD17 /* ZZTableRefreshDemoUITests.m in Sources */ = {isa = PBXBuildFile; fileRef = A3A280AA1F683ED9000FAD17 /* ZZTableRefreshDemoUITests.m */; };
/* End PBXBuildFile section */

/* Begin PBXContainerItemProxy section */
		A3A2809C1F683ED9000FAD17 /* PBXContainerItemProxy */ = {
			isa = PBXContainerItemProxy;
			containerPortal = A3A2807A1F683ED8000FAD17 /* Project object */;
			proxyType = 1;
			remoteGlobalIDString = A3A280811F683ED8000FAD17;
			remoteInfo = ZZTableRefreshDemo;
		};
		A3A280A71F683ED9000FAD17 /* PBXContainerItemProxy */ = {
			isa = PBXContainerItemProxy;
			containerPortal = A3A2807A1F683ED8000FAD17 /* Project object */;
			proxyType = 1;
			remoteGlobalIDString = A3A280811F683ED8000FAD17;
			remoteInfo = ZZTableRefreshDemo;
		};
/* End PBXContainerItemProxy section */

/* Begin PBXFileReference section */
		A3A280821F683ED9000FAD17 /* ZZTableRefreshDemo.app */ = {isa = PBXFileReference; explicitFileType = wrapper.application; includeInIndex = 0; path = ZZTableRefreshDemo.app; sourceTree = BUILT_PRODUCTS_DIR; };
		A3A280861F683ED9000FAD17 /* main.m */ = {isa = PBXFileReference; lastKnownFileType = sourcecode.c.objc; path = main.m; sourceTree = "<group>"; };
		A3A280881F683ED9000FAD17 /* AppDelegate.h */ = {isa = PBXFileReference; lastKnownFileType = sourcecode.c.h; path = AppDelegate.h; sourceTree = "<group>"; };
		A3A280891F683ED9000FAD17 /* AppDelegate.m */ = {isa = PBXFileReference; lastKnownFileType = sourcecode.c.objc; path = AppDelegate.m; sourceTree = "<group>"; };
		A3A2808B1F683ED9000FAD17 /* ViewController.h */ = {isa = PBXFileReference; lastKnownFileType = sourcecode.c.h; path = ViewController.h; sourceTree = "<group>"; };
		A3A2808C1F683ED9000FAD17 /* ViewController.m */ = {isa = PBXFileReference; lastKnownFileType = sourcecode.c.objc; path = ViewController.m; sourceTree = "<group>"; };
		A3A2808F1F683ED9000FAD17 /* Base */ = {isa = PBXFileReference; lastKnownFileType = file.storyboard; name = Base; path = Base.lproj/Main.storyboard; sourceTree = "<group>"; };
		A3A280911F683ED9000FAD17 /* Assets.xcassets */ = {isa = PBXFileReference; lastKnownFileType = folder.assetcatalog; path = Assets.xcassets; sourceTree = "<group>"; };
		A3A280941F683ED9000FAD17 /* Base */ = {isa = PBXFileReference; lastKnownFileType = file.storyboard; name = Base; path = Base.lproj/LaunchScreen.storyboard; sourceTree = "<group>"; };
		A3A280961F683ED9000FAD17 /* Info.plist */ = {isa = PBXFileReference; lastKnownFileType = text.plist.xml; path = Info.plist; sourceTree = "<group>"; };
		A3A2809B1F683ED9000FAD17 /* ZZTableRefreshDemoTests.xctest */ = {isa = PBXFileReference; explicitFileType = wrapper.cfbundle; includeInIndex = 0; path = ZZTableRefreshDemoTests.xctest; sourceTree = BUILT_PRODUCTS_DIR; };
		A3A2809F1F683ED9000FAD17 /* ZZTableRefreshDemoTests.m */ = {isa = PBXFileReference; lastKnownFileType = sourcecode.c.objc; path = ZZTableRefreshDemoTests.m; sourceTree = "<group>"; };
		A3A280A11F683ED9000FAD17 /* Info.plist */ = {isa = PBXFileReference; lastKnownFileType = text.plist.xml; path = Info.plist; sourceTree = "<group>"; };
		A3A280A61F683ED9000FAD17 /* ZZTableRefreshDemoUITests.xctest */ = {isa = PBXFileReference; explicitFileType = wrapper.cfbundle; includeInIndex = 0; path = ZZTableRefreshDemoUITests.xctest; sourceTree = BUILT_PRODUCTS_DIR; };
		A3A280AA1F683ED9000FAD17 /* ZZTableRefreshDemoUITests.m */ = {isa = PBXFileReference; lastKnownFileType = sourcecode.c.objc; path = ZZTableRefreshDemoUITests.m; sourceTree = "<group>"; };
		A3A280AC1F683ED9000FAD17 /* Info.plist */ = {isa = PBXFileReference; lastKnownFileType = text.plist.xml; path = Info.plist; sourceTree = "<group>"; };
/* End PBXFileReference section */

/* Begin PBXFrameworksBuildPhase section */
		A3A2807F1F683ED8000FAD17 /* Frameworks */ = {
			isa = PBXFrameworksBuildPhase;
			buildActionMask = 2147483647;
			files = (
			);
			runOnlyForDeploymentPostprocessing = 0;
		};
		A3A280981F683ED9000FAD17 /* Frameworks */ = {
			isa = PBXFrameworksBuildPhase;
			buildActionMask = 2147483647;
			files = (
			);
			runOnlyForDeploymentPostprocessing = 0;
		};
		A3A280A31F683ED9000FAD17 /* Frameworks */ = {
			isa = PBXFrameworksBuildPhase;
			buildActionMask = 2147483647;
			files = (
			);
			runOnlyForDeploymentPostprocessing = 0;
		};
/* End PBXFrameworksBuildPhase section */

/* Begin PBXGroup section */
		A3A280791F683ED8000FAD17 = {
			isa = PBXGroup;
			children = (
				A3A280B81F683F4B000FAD17 /* ZZTableRefresh */,
				A3A280841F683ED9000FAD17 /* ZZTableRefreshDemo */,
				A3A2809E1F683ED9000FAD17 /* ZZTableRefreshDemoTests */,
				A3A280A91F683ED9000FAD17 /* ZZTableRefreshDemoUITests */,
				A3A280831F683ED9000FAD17 /* Products */,
			);
			sourceTree = "<group>";
		};
		A3A280831F683ED9000FAD17 /* Products */ = {
			isa = PBXGroup;
			children = (
				A3A280821F683ED9000FAD17 /* ZZTableRefreshDemo.app */,
				A3A2809B1F683ED9000FAD17 /* ZZTableRefreshDemoTests.xctest */,
				A3A280A61F683ED9000FAD17 /* ZZTableRefreshDemoUITests.xctest */,
			);
			name = Products;
			sourceTree = "<group>";
		};
		A3A280841F683ED9000FAD17 /* ZZTableRefreshDemo */ = {
			isa = PBXGroup;
			children = (
				A3A280881F683ED9000FAD17 /* AppDelegate.h */,
				A3A280891F683ED9000FAD17 /* AppDelegate.m */,
				A3A2808B1F683ED9000FAD17 /* ViewController.h */,
				A3A2808C1F683ED9000FAD17 /* ViewController.m */,
				A3A2808E1F683ED9000FAD17 /* Main.storyboard */,
				A3A280911F683ED9000FAD17 /* Assets.xcassets */,
				A3A280931F683ED9000FAD17 /* LaunchScreen.storyboard */,
				A3A280961F683ED9000FAD17 /* Info.plist */,
				A3A280851F683ED9000FAD17 /* Supporting Files */,
			);
			path = ZZTableRefreshDemo;
			sourceTree = "<group>";
		};
		A3A280851F683ED9000FAD17 /* Supporting Files */ = {
			isa = PBXGroup;
			children = (
				A3A280861F683ED9000FAD17 /* main.m */,
			);
			name = "Supporting Files";
			sourceTree = "<group>";
		};
		A3A2809E1F683ED9000FAD17 /* ZZTableRefreshDemoTests */ = {
			isa = PBXGroup;
			children = (
				A3A2809F1F683ED9000FAD17 /* ZZTableRefreshDemoTests.m */,
				A3A280A11F683ED9000FAD17 /* Info.plist */,
			);
			path = ZZTableRefreshDemoTests;
			sourceTree = "<group>";
		};
		A3A280A91F683ED9000FAD17 /* ZZTableRefreshDemoUITests */ = {
			isa = PBXGroup;
			children = (
				A3A280AA1F683ED9000FAD17 /* ZZTableRefreshDemoUITests.m */,
				A3A280AC1F683ED9000FAD17 /* Info.plist */,
			);
			path = ZZTableRefreshDemoUITests;
			sourceTree = "<group>";
		};
		A3A280B81F683F4B000FAD17 /* ZZTableRefresh */ = {
			isa = PBXGroup;
			children = (
			);
			path = ZZTableRefresh;
			sourceTree = "<group>";
		};
/* End PBXGroup section */

/* Begin PBXNativeTarget section */
		A3A280811F683ED8000FAD17 /* ZZTableRefreshDemo */ = {
			isa = PBXNativeTarget;
			buildConfigurationList = A3A280AF1F683ED9000FAD17 /* Build configuration list for PBXNativeTarget "ZZTableRefreshDemo" */;
			buildPhases = (
				A3A2807E1F683ED8000FAD17 /* Sources */,
				A3A2807F1F683ED8000FAD17 /* Frameworks */,
				A3A280801F683ED8000FAD17 /* Resources */,
			);
			buildRules = (
			);
			dependencies = (
			);
			name = ZZTableRefreshDemo;
			productName = ZZTableRefreshDemo;
			productReference = A3A280821F683ED9000FAD17 /* ZZTableRefreshDemo.app */;
			productType = "com.apple.product-type.application";
		};
		A3A2809A1F683ED9000FAD17 /* ZZTableRefreshDemoTests */ = {
			isa = PBXNativeTarget;
			buildConfigurationList = A3A280B21F683ED9000FAD17 /* Build configuration list for PBXNativeTarget "ZZTableRefreshDemoTests" */;
			buildPhases = (
				A3A280971F683ED9000FAD17 /* Sources */,
				A3A280981F683ED9000FAD17 /* Frameworks */,
				A3A280991F683ED9000FAD17 /* Resources */,
			);
			buildRules = (
			);
			dependencies = (
				A3A2809D1F683ED9000FAD17 /* PBXTargetDependency */,
			);
			name = ZZTableRefreshDemoTests;
			productName = ZZTableRefreshDemoTests;
			productReference = A3A2809B1F683ED9000FAD17 /* ZZTableRefreshDemoTests.xctest */;
			productType = "com.apple.product-type.bundle.unit-test";
		};
		A3A280A51F683ED9000FAD17 /* ZZTableRefreshDemoUITests */ = {
			isa = PBXNativeTarget;
			buildConfigurationList = A3A280B51F683ED9000FAD17 /* Build configuration list for PBXNativeTarget "ZZTableRefreshDemoUITests" */;
			buildPhases = (
				A3A280A21F683ED9000FAD17 /* Sources */,
				A3A280A31F683ED9000FAD17 /* Frameworks */,
				A3A280A41F683ED9000FAD17 /* Resources */,
			);
			buildRules = (
			);
			dependencies = (
				A3A280A81F683ED9000FAD17 /* PBXTargetDependency */,
			);
			name = ZZTableRefreshDemoUITests;
			productName = ZZTableRefreshDemoUITests;
			productReference = A3A280A61F683ED9000FAD17 /* ZZTableRefreshDemoUITests.xctest */;
			productType = "com.apple.product-type.bundle.ui-testing";
		};
/* End PBXNativeTarget section */

/* Begin PBXProject section */
		A3A2807A1F683ED8000FAD17 /* Project object */ = {
			isa = PBXProject;
			attributes = {
				LastUpgradeCheck = 0830;
				ORGANIZATIONNAME = "赵振磊";
				TargetAttributes = {
					A3A280811F683ED8000FAD17 = {
						CreatedOnToolsVersion = 8.3.3;
						DevelopmentTeam = PU2BEK3AG6;
						ProvisioningStyle = Automatic;
					};
					A3A2809A1F683ED9000FAD17 = {
						CreatedOnToolsVersion = 8.3.3;
						ProvisioningStyle = Automatic;
						TestTargetID = A3A280811F683ED8000FAD17;
					};
					A3A280A51F683ED9000FAD17 = {
						CreatedOnToolsVersion = 8.3.3;
						ProvisioningStyle = Automatic;
						TestTargetID = A3A280811F683ED8000FAD17;
					};
				};
			};
			buildConfigurationList = A3A2807D1F683ED8000FAD17 /* Build configuration list for PBXProject "ZZTableRefreshDemo" */;
			compatibilityVersion = "Xcode 3.2";
			developmentRegion = English;
			hasScannedForEncodings = 0;
			knownRegions = (
				en,
				Base,
			);
			mainGroup = A3A280791F683ED8000FAD17;
			productRefGroup = A3A280831F683ED9000FAD17 /* Products */;
			projectDirPath = "";
			projectRoot = "";
			targets = (
				A3A280811F683ED8000FAD17 /* ZZTableRefreshDemo */,
				A3A2809A1F683ED9000FAD17 /* ZZTableRefreshDemoTests */,
				A3A280A51F683ED9000FAD17 /* ZZTableRefreshDemoUITests */,
			);
		};
/* End PBXProject section */

/* Begin PBXResourcesBuildPhase section */
		A3A280801F683ED8000FAD17 /* Resources */ = {
			isa = PBXResourcesBuildPhase;
			buildActionMask = 2147483647;
			files = (
				A3A280951F683ED9000FAD17 /* LaunchScreen.storyboard in Resources */,
				A3A280921F683ED9000FAD17 /* Assets.xcassets in Resources */,
				A3A280901F683ED9000FAD17 /* Main.storyboard in Resources */,
			);
			runOnlyForDeploymentPostprocessing = 0;
		};
		A3A280991F683ED9000FAD17 /* Resources */ = {
			isa = PBXResourcesBuildPhase;
			buildActionMask = 2147483647;
			files = (
			);
			runOnlyForDeploymentPostprocessing = 0;
		};
		A3A280A41F683ED9000FAD17 /* Resources */ = {
			isa = PBXResourcesBuildPhase;
			buildActionMask = 2147483647;
			files = (
			);
			runOnlyForDeploymentPostprocessing = 0;
		};
/* End PBXResourcesBuildPhase section */

/* Begin PBXSourcesBuildPhase section */
		A3A2807E1F683ED8000FAD17 /* Sources */ = {
			isa = PBXSourcesBuildPhase;
			buildActionMask = 2147483647;
			files = (
				A3A2808D1F683ED9000FAD17 /* ViewController.m in Sources */,
				A3A2808A1F683ED9000FAD17 /* AppDelegate.m in Sources */,
				A3A280871F683ED9000FAD17 /* main.m in Sources */,
			);
			runOnlyForDeploymentPostprocessing = 0;
		};
		A3A280971F683ED9000FAD17 /* Sources */ = {
			isa = PBXSourcesBuildPhase;
			buildActionMask = 2147483647;
			files = (
				A3A280A01F683ED9000FAD17 /* ZZTableRefreshDemoTests.m in Sources */,
			);
			runOnlyForDeploymentPostprocessing = 0;
		};
		A3A280A21F683ED9000FAD17 /* Sources */ = {
			isa = PBXSourcesBuildPhase;
			buildActionMask = 2147483647;
			files = (
				A3A280AB1F683ED9000FAD17 /* ZZTableRefreshDemoUITests.m in Sources */,
			);
			runOnlyForDeploymentPostprocessing = 0;
		};
/* End PBXSourcesBuildPhase section */

/* Begin PBXTargetDependency section */
		A3A2809D1F683ED9000FAD17 /* PBXTargetDependency */ = {
			isa = PBXTargetDependency;
			target = A3A280811F683ED8000FAD17 /* ZZTableRefreshDemo */;
			targetProxy = A3A2809C1F683ED9000FAD17 /* PBXContainerItemProxy */;
		};
		A3A280A81F683ED9000FAD17 /* PBXTargetDependency */ = {
			isa = PBXTargetDependency;
			target = A3A280811F683ED8000FAD17 /* ZZTableRefreshDemo */;
			targetProxy = A3A280A71F683ED9000FAD17 /* PBXContainerItemProxy */;
		};
/* End PBXTargetDependency section */

/* Begin PBXVariantGroup section */
		A3A2808E1F683ED9000FAD17 /* Main.storyboard */ = {
			isa = PBXVariantGroup;
			children = (
				A3A2808F1F683ED9000FAD17 /* Base */,
			);
			name = Main.storyboard;
			sourceTree = "<group>";
		};
		A3A280931F683ED9000FAD17 /* LaunchScreen.storyboard */ = {
			isa = PBXVariantGroup;
			children = (
				A3A280941F683ED9000FAD17 /* Base */,
			);
			name = LaunchScreen.storyboard;
			sourceTree = "<group>";
		};
/* End PBXVariantGroup section */

/* Begin XCBuildConfiguration section */
		A3A280AD1F683ED9000FAD17 /* Debug */ = {
			isa = XCBuildConfiguration;
			buildSettings = {
				ALWAYS_SEARCH_USER_PATHS = NO;
				CLANG_ANALYZER_NONNULL = YES;
				CLANG_ANALYZER_NUMBER_OBJECT_CONVERSION = YES_AGGRESSIVE;
				CLANG_CXX_LANGUAGE_STANDARD = "gnu++0x";
				CLANG_CXX_LIBRARY = "libc++";
				CLANG_ENABLE_MODULES = YES;
				CLANG_ENABLE_OBJC_ARC = YES;
				CLANG_WARN_BOOL_CONVERSION = YES;
				CLANG_WARN_CONSTANT_CONVERSION = YES;
				CLANG_WARN_DIRECT_OBJC_ISA_USAGE = YES_ERROR;
				CLANG_WARN_DOCUMENTATION_COMMENTS = YES;
				CLANG_WARN_EMPTY_BODY = YES;
				CLANG_WARN_ENUM_CONVERSION = YES;
				CLANG_WARN_INFINITE_RECURSION = YES;
				CLANG_WARN_INT_CONVERSION = YES;
				CLANG_WARN_OBJC_ROOT_CLASS = YES_ERROR;
				CLANG_WARN_SUSPICIOUS_MOVE = YES;
				CLANG_WARN_UNREACHABLE_CODE = YES;
				CLANG_WARN__DUPLICATE_METHOD_MATCH = YES;
				"CODE_SIGN_IDENTITY[sdk=iphoneos*]" = "iPhone Developer";
				COPY_PHASE_STRIP = NO;
				DEBUG_INFORMATION_FORMAT = dwarf;
				ENABLE_STRICT_OBJC_MSGSEND = YES;
				ENABLE_TESTABILITY = YES;
				GCC_C_LANGUAGE_STANDARD = gnu99;
				GCC_DYNAMIC_NO_PIC = NO;
				GCC_NO_COMMON_BLOCKS = YES;
				GCC_OPTIMIZATION_LEVEL = 0;
				GCC_PREPROCESSOR_DEFINITIONS = (
					"DEBUG=1",
					"$(inherited)",
				);
				GCC_WARN_64_TO_32_BIT_CONVERSION = YES;
				GCC_WARN_ABOUT_RETURN_TYPE = YES_ERROR;
				GCC_WARN_UNDECLARED_SELECTOR = YES;
				GCC_WARN_UNINITIALIZED_AUTOS = YES_AGGRESSIVE;
				GCC_WARN_UNUSED_FUNCTION = YES;
				GCC_WARN_UNUSED_VARIABLE = YES;
				IPHONEOS_DEPLOYMENT_TARGET = 10.3;
				MTL_ENABLE_DEBUG_INFO = YES;
				ONLY_ACTIVE_ARCH = YES;
				SDKROOT = iphoneos;
			};
			name = Debug;
		};
		A3A280AE1F683ED9000FAD17 /* Release */ = {
			isa = XCBuildConfiguration;
			buildSettings = {
				ALWAYS_SEARCH_USER_PATHS = NO;
				CLANG_ANALYZER_NONNULL = YES;
				CLANG_ANALYZER_NUMBER_OBJECT_CONVERSION = YES_AGGRESSIVE;
				CLANG_CXX_LANGUAGE_STANDARD = "gnu++0x";
				CLANG_CXX_LIBRARY = "libc++";
				CLANG_ENABLE_MODULES = YES;
				CLANG_ENABLE_OBJC_ARC = YES;
				CLANG_WARN_BOOL_CONVERSION = YES;
				CLANG_WARN_CONSTANT_CONVERSION = YES;
				CLANG_WARN_DIRECT_OBJC_ISA_USAGE = YES_ERROR;
				CLANG_WARN_DOCUMENTATION_COMMENTS = YES;
				CLANG_WARN_EMPTY_BODY = YES;
				CLANG_WARN_ENUM_CONVERSION = YES;
				CLANG_WARN_INFINITE_RECURSION = YES;
				CLANG_WARN_INT_CONVERSION = YES;
				CLANG_WARN_OBJC_ROOT_CLASS = YES_ERROR;
				CLANG_WARN_SUSPICIOUS_MOVE = YES;
				CLANG_WARN_UNREACHABLE_CODE = YES;
				CLANG_WARN__DUPLICATE_METHOD_MATCH = YES;
				"CODE_SIGN_IDENTITY[sdk=iphoneos*]" = "iPhone Developer";
				COPY_PHASE_STRIP = NO;
				DEBUG_INFORMATION_FORMAT = "dwarf-with-dsym";
				ENABLE_NS_ASSERTIONS = NO;
				ENABLE_STRICT_OBJC_MSGSEND = YES;
				GCC_C_LANGUAGE_STANDARD = gnu99;
				GCC_NO_COMMON_BLOCKS = YES;
				GCC_WARN_64_TO_32_BIT_CONVERSION = YES;
				GCC_WARN_ABOUT_RETURN_TYPE = YES_ERROR;
				GCC_WARN_UNDECLARED_SELECTOR = YES;
				GCC_WARN_UNINITIALIZED_AUTOS = YES_AGGRESSIVE;
				GCC_WARN_UNUSED_FUNCTION = YES;
				GCC_WARN_UNUSED_VARIABLE = YES;
				IPHONEOS_DEPLOYMENT_TARGET = 10.3;
				MTL_ENABLE_DEBUG_INFO = NO;
				SDKROOT = iphoneos;
				VALIDATE_PRODUCT = YES;
			};
			name = Release;
		};
		A3A280B01F683ED9000FAD17 /* Debug */ = {
			isa = XCBuildConfiguration;
			buildSettings = {
				ASSETCATALOG_COMPILER_APPICON_NAME = AppIcon;
				DEVELOPMENT_TEAM = PU2BEK3AG6;
				INFOPLIST_FILE = ZZTableRefreshDemo/Info.plist;
				IPHONEOS_DEPLOYMENT_TARGET = 8.0;
				LD_RUNPATH_SEARCH_PATHS = "$(inherited) @executable_path/Frameworks";
				ONLY_ACTIVE_ARCH = NO;
				OTHER_LDFLAGS = "-ObjC";
				PRODUCT_BUNDLE_IDENTIFIER = zzz.com.ZZTableRefreshDemo;
				PRODUCT_NAME = "$(TARGET_NAME)";
				TARGETED_DEVICE_FAMILY = "1,2";
			};
			name = Debug;
		};
		A3A280B11F683ED9000FAD17 /* Release */ = {
			isa = XCBuildConfiguration;
			buildSettings = {
				ASSETCATALOG_COMPILER_APPICON_NAME = AppIcon;
				DEVELOPMENT_TEAM = PU2BEK3AG6;
				INFOPLIST_FILE = ZZTableRefreshDemo/Info.plist;
				IPHONEOS_DEPLOYMENT_TARGET = 8.0;
				LD_RUNPATH_SEARCH_PATHS = "$(inherited) @executable_path/Frameworks";
				ONLY_ACTIVE_ARCH = NO;
				OTHER_LDFLAGS = "-ObjC";
				PRODUCT_BUNDLE_IDENTIFIER = zzz.com.ZZTableRefreshDemo;
				PRODUCT_NAME = "$(TARGET_NAME)";
				TARGETED_DEVICE_FAMILY = "1,2";
			};
			name = Release;
		};
		A3A280B31F683ED9000FAD17 /* Debug */ = {
			isa = XCBuildConfiguration;
			buildSettings = {
				BUNDLE_LOADER = "$(TEST_HOST)";
				INFOPLIST_FILE = ZZTableRefreshDemoTests/Info.plist;
				LD_RUNPATH_SEARCH_PATHS = "$(inherited) @executable_path/Frameworks @loader_path/Frameworks";
				PRODUCT_BUNDLE_IDENTIFIER = zzz.com.ZZTableRefreshDemoTests;
				PRODUCT_NAME = "$(TARGET_NAME)";
				TEST_HOST = "$(BUILT_PRODUCTS_DIR)/ZZTableRefreshDemo.app/ZZTableRefreshDemo";
			};
			name = Debug;
		};
		A3A280B41F683ED9000FAD17 /* Release */ = {
			isa = XCBuildConfiguration;
			buildSettings = {
				BUNDLE_LOADER = "$(TEST_HOST)";
				INFOPLIST_FILE = ZZTableRefreshDemoTests/Info.plist;
				LD_RUNPATH_SEARCH_PATHS = "$(inherited) @executable_path/Frameworks @loader_path/Frameworks";
				PRODUCT_BUNDLE_IDENTIFIER = zzz.com.ZZTableRefreshDemoTests;
				PRODUCT_NAME = "$(TARGET_NAME)";
				TEST_HOST = "$(BUILT_PRODUCTS_DIR)/ZZTableRefreshDemo.app/ZZTableRefreshDemo";
			};
			name = Release;
		};
		A3A280B61F683ED9000FAD17 /* Debug */ = {
			isa = XCBuildConfiguration;
			buildSettings = {
				INFOPLIST_FILE = ZZTableRefreshDemoUITests/Info.plist;
				LD_RUNPATH_SEARCH_PATHS = "$(inherited) @executable_path/Frameworks @loader_path/Frameworks";
				PRODUCT_BUNDLE_IDENTIFIER = zzz.com.ZZTableRefreshDemoUITests;
				PRODUCT_NAME = "$(TARGET_NAME)";
				TEST_TARGET_NAME = ZZTableRefreshDemo;
			};
			name = Debug;
		};
		A3A280B71F683ED9000FAD17 /* Release */ = {
			isa = XCBuildConfiguration;
			buildSettings = {
				INFOPLIST_FILE = ZZTableRefreshDemoUITests/Info.plist;
				LD_RUNPATH_SEARCH_PATHS = "$(inherited) @executable_path/Frameworks @loader_path/Frameworks";
				PRODUCT_BUNDLE_IDENTIFIER = zzz.com.ZZTableRefreshDemoUITests;
				PRODUCT_NAME = "$(TARGET_NAME)";
				TEST_TARGET_NAME = ZZTableRefreshDemo;
			};
			name = Release;
		};
/* End XCBuildConfiguration section */

/* Begin XCConfigurationList section */
		A3A2807D1F683ED8000FAD17 /* Build configuration list for PBXProject "ZZTableRefreshDemo" */ = {
			isa = XCConfigurationList;
			buildConfigurations = (
				A3A280AD1F683ED9000FAD17 /* Debug */,
				A3A280AE1F683ED9000FAD17 /* Release */,
			);
			defaultConfigurationIsVisible = 0;
			defaultConfigurationName = Release;
		};
		A3A280AF1F683ED9000FAD17 /* Build configuration list for PBXNativeTarget "ZZTableRefreshDemo" */ = {
			isa = XCConfigurationList;
			buildConfigurations = (
				A3A280B01F683ED9000FAD17 /* Debug */,
				A3A280B11F683ED9000FAD17 /* Release */,
			);
			defaultConfigurationIsVisible = 0;
		};
		A3A280B21F683ED9000FAD17 /* Build configuration list for PBXNativeTarget "ZZTableRefreshDemoTests" */ = {
			isa = XCConfigurationList;
			buildConfigurations = (
				A3A280B31F683ED9000FAD17 /* Debug */,
				A3A280B41F683ED9000FAD17 /* Release */,
			);
			defaultConfigurationIsVisible = 0;
		};
		A3A280B51F683ED9000FAD17 /* Build configuration list for PBXNativeTarget "ZZTableRefreshDemoUITests" */ = {
			isa = XCConfigurationList;
			buildConfigurations = (
				A3A280B61F683ED9000FAD17 /* Debug */,
				A3A280B71F683ED9000FAD17 /* Release */,
			);
			defaultConfigurationIsVisible = 0;
		};
/* End XCConfigurationList section */
	};
	rootObject = A3A2807A1F683ED8000FAD17 /* Project object */;
}
